
Microsoft Visual Studio Solution File, Format Version 12.00
# Visual Studio Version 16
VisualStudioVersion = 16.0.29230.61
MinimumVisualStudioVersion = 10.0.40219.1
Project("{9A19103F-16F7-4668-BE54-9A1E7A4F7556}") = "Project.Shared", "Solution\Shared\Project.Shared.csproj", "{932F30C4-2DB7-46C8-B30F-3B64487E9D76}"
EndProject
Project("{9A19103F-16F7-4668-BE54-9A1E7A4F7556}") = "Project.Server", "Solution\Server\Project.Server.csproj", "{15969613-78D0-4F49-AA4C-59704AD84480}"
EndProject
Project("{9A19103F-16F7-4668-BE54-9A1E7A4F7556}") = "Project.Client", "Solution\Client\Project.Client.csproj", "{38F592BB-9D91-404F-B2EF-F2CD7DA53764}"
EndProject
Global
	GlobalSection(SolutionConfigurationPlatforms) = preSolution
		Debug|Any CPU = Debug|Any CPU
		Release|Any CPU = Release|Any CPU
	EndGlobalSection
	GlobalSection(ProjectConfigurationPlatforms) = postSolution
		{932F30C4-2DB7-46C8-B30F-3B64487E9D76}.Debug|Any CPU.ActiveCfg = Debug|Any CPU
		{932F30C4-2DB7-46C8-B30F-3B64487E9D76}.Debug|Any CPU.Build.0 = Debug|Any CPU
		{932F30C4-2DB7-46C8-B30F-3B64487E9D76}.Release|Any CPU.ActiveCfg = Release|Any CPU
		{932F30C4-2DB7-46C8-B30F-3B64487E9D76}.Release|Any CPU.Build.0 = Release|Any CPU
		{15969613-78D0-4F49-AA4C-59704AD84480}.Debug|Any CPU.ActiveCfg = Debug|Any CPU
		{15969613-78D0-4F49-AA4C-59704AD84480}.Debug|Any CPU.Build.0 = Debug|Any CPU
		{15969613-78D0-4F49-AA4C-59704AD84480}.Release|Any CPU.ActiveCfg = Release|Any CPU
		{15969613-78D0-4F49-AA4C-59704AD84480}.Release|Any CPU.Build.0 = Release|Any CPU
		{38F592BB-9D91-404F-B2EF-F2CD7DA53764}.Debug|Any CPU.ActiveCfg = Debug|Any CPU
		{38F592BB-9D91-404F-B2EF-F2CD7DA53764}.Debug|Any CPU.Build.0 = Debug|Any CPU
		{38F592BB-9D91-404F-B2EF-F2CD7DA53764}.Release|Any CPU.ActiveCfg = Release|Any CPU
		{38F592BB-9D91-404F-B2EF-F2CD7DA53764}.Release|Any CPU.Build.0 = Release|Any CPU
	EndGlobalSection
	GlobalSection(SolutionProperties) = preSolution
		HideSolutionNode = FALSE
	EndGlobalSection
	GlobalSection(ExtensibilityGlobals) = postSolution
		SolutionGuid = {09AA0EC6-3D03-4EF2-900A-32DA87DD9584}
	EndGlobalSection
EndGlobal
